
Microsoft Visual Studio Solution File, Format Version 12.00
# Visual Studio Version 16
VisualStudioVersion = 16.0.33027.164
MinimumVisualStudioVersion = 10.0.40219.1
Project("{FAE04EC0-301F-11D3-BF4B-00C04F79EFBC}") = "ANPR", "ANPR.csproj", "{E6DAADE0-6607-4E5F-86D8-19978725CCED}"
EndProject
Global
	GlobalSection(SolutionConfigurationPlatforms) = preSolution
		Debug|Any CPU = Debug|Any CPU
		Release|Any CPU = Release|Any CPU
	EndGlobalSection
	GlobalSection(ProjectConfigurationPlatforms) = postSolution
		{E6DAADE0-6607-4E5F-86D8-19978725CCED}.Debug|Any CPU.ActiveCfg = Debug|Any CPU
		{E6DAADE0-6607-4E5F-86D8-19978725CCED}.Debug|Any CPU.Build.0 = Debug|Any CPU
		{E6DAADE0-6607-4E5F-86D8-19978725CCED}.Release|Any CPU.ActiveCfg = Release|Any CPU
		{E6DAADE0-6607-4E5F-86D8-19978725CCED}.Release|Any CPU.Build.0 = Release|Any CPU
	EndGlobalSection
	GlobalSection(SolutionProperties) = preSolution
		HideSolutionNode = FALSE
	EndGlobalSection
	GlobalSection(ExtensibilityGlobals) = postSolution
		SolutionGuid = {AEBF4B47-FF78-46EC-BBBF-4F0FA74A545A}
	EndGlobalSection
EndGlobal
